
Microsoft Visual Studio Solution File, Format Version 12.00
Project("{FAE04EC0-301F-11D3-BF4B-00C04F79EFBC}") = "HelloWorld", "HelloWorld\HelloWorld.csproj", "{4E248A6C-2572-4EDF-B477-398E912C73DB}"
EndProject
Global
	GlobalSection(SolutionConfigurationPlatforms) = preSolution
		Debug|Any CPU = Debug|Any CPU
		Release|Any CPU = Release|Any CPU
	EndGlobalSection
	GlobalSection(ProjectConfigurationPlatforms) = postSolution
		{4E248A6C-2572-4EDF-B477-398E912C73DB}.Debug|Any CPU.ActiveCfg = Debug|Any CPU
		{4E248A6C-2572-4EDF-B477-398E912C73DB}.Debug|Any CPU.Build.0 = Debug|Any CPU
		{4E248A6C-2572-4EDF-B477-398E912C73DB}.Release|Any CPU.ActiveCfg = Release|Any CPU
		{4E248A6C-2572-4EDF-B477-398E912C73DB}.Release|Any CPU.Build.0 = Release|Any CPU
	EndGlobalSection
EndGlobal
